
Microsoft Visual Studio Solution File, Format Version 12.00
# Visual Studio Version 17
VisualStudioVersion = 17.5.33530.505
MinimumVisualStudioVersion = 10.0.40219.1
Project("{FAE04EC0-301F-11D3-BF4B-00C04F79EFBC}") = "idk quader", "idk quader\idk quader.csproj", "{B6A6690A-C63B-49D5-9930-9533513E6D5D}"
EndProject
Global
	GlobalSection(SolutionConfigurationPlatforms) = preSolution
		Debug|Any CPU = Debug|Any CPU
		Release|Any CPU = Release|Any CPU
	EndGlobalSection
	GlobalSection(ProjectConfigurationPlatforms) = postSolution
		{B6A6690A-C63B-49D5-9930-9533513E6D5D}.Debug|Any CPU.ActiveCfg = Debug|Any CPU
		{B6A6690A-C63B-49D5-9930-9533513E6D5D}.Debug|Any CPU.Build.0 = Debug|Any CPU
		{B6A6690A-C63B-49D5-9930-9533513E6D5D}.Release|Any CPU.ActiveCfg = Release|Any CPU
		{B6A6690A-C63B-49D5-9930-9533513E6D5D}.Release|Any CPU.Build.0 = Release|Any CPU
	EndGlobalSection
	GlobalSection(SolutionProperties) = preSolution
		HideSolutionNode = FALSE
	EndGlobalSection
	GlobalSection(ExtensibilityGlobals) = postSolution
		SolutionGuid = {89A2CFE3-418B-4D2D-8843-F5A7656B3E0B}
	EndGlobalSection
EndGlobal
